
Microsoft Visual Studio Solution File, Format Version 12.00
# Visual Studio Version 17
VisualStudioVersion = 17.10.35027.167
MinimumVisualStudioVersion = 10.0.40219.1
Project("{2150E333-8FDC-42A3-9474-1A3956D46DE8}") = "src", "src", "{56803A6F-DB04-4402-96A0-924DD0855036}"
EndProject
Project("{2150E333-8FDC-42A3-9474-1A3956D46DE8}") = "test", "test", "{F15E2B3F-3C05-409D-9C8B-D4E72AC83839}"
EndProject
Project("{9A19103F-16F7-4668-BE54-9A1E7A4F7556}") = "GameShop.Domain", "GameShop.Domain\GameShop.Domain.csproj", "{27E6467C-404A-4790-B5B5-E0F90D21F692}"
EndProject
Project("{9A19103F-16F7-4668-BE54-9A1E7A4F7556}") = "GameShop.Infrastructure", "GameShop.Infrastructure\GameShop.Infrastructure.csproj", "{A659C1AC-D4CE-49EF-99CE-83874A11BBD9}"
EndProject
Project("{9A19103F-16F7-4668-BE54-9A1E7A4F7556}") = "GameShop.API.Read", "GameShop.API.Read\GameShop.API.Read.csproj", "{27C262E1-3AB0-4342-8812-3B0ED5676E91}"
EndProject
Project("{9A19103F-16F7-4668-BE54-9A1E7A4F7556}") = "GameShop.API.Write", "GameShop.API.Write\GameShop.API.Write.csproj", "{3E3C3481-3C86-42B6-B0C1-B2336223ABF1}"
EndProject
Project("{9A19103F-16F7-4668-BE54-9A1E7A4F7556}") = "GameShop.Application", "GameShop.Application\GameShop.Application.csproj", "{61B2D1EA-4B50-4746-AEF2-68384E194C1D}"
EndProject
Project("{9A19103F-16F7-4668-BE54-9A1E7A4F7556}") = "GameShop.Read.IntegrationTests", "GameShop.Read.IntegrationTests\GameShop.Read.IntegrationTests.csproj", "{FE2C51FD-0E59-4EBC-B07D-7199B45DD2B7}"
EndProject
Project("{9A19103F-16F7-4668-BE54-9A1E7A4F7556}") = "GameShop.Write.IntegrationTests", "GameShop.Write.IntegrationTests\GameShop.Write.IntegrationTests.csproj", "{504AA152-B29E-4037-BC39-8A36FD41FF04}"
EndProject
Project("{9A19103F-16F7-4668-BE54-9A1E7A4F7556}") = "GameShop.Infrastructure.UnitTests", "GameShop.Infrastructure.UnitTests\GameShop.Infrastructure.UnitTests.csproj", "{0291C3D2-0B3E-4528-A8EE-42504EC23AEF}"
EndProject
Project("{9A19103F-16F7-4668-BE54-9A1E7A4F7556}") = "GameShop.Domain.UnitTests", "GameShop.Domain.UnitTests\GameShop.Domain.UnitTests.csproj", "{17BAADFD-5BB5-4769-A15B-9E6CFE4045DA}"
EndProject
Project("{9A19103F-16F7-4668-BE54-9A1E7A4F7556}") = "GameShop.Application.UnitTests", "GameShop.Application.UnitTests\GameShop.Application.UnitTests.csproj", "{9A0F8170-5A73-40FC-93D0-B984152C7659}"
EndProject
Project("{2150E333-8FDC-42A3-9474-1A3956D46DE8}") = "Solution Items", "Solution Items", "{748B29AF-4550-4B9C-8FBA-DA4BBEFD76C5}"
	ProjectSection(SolutionItems) = preProject
		.editorconfig = .editorconfig
		Directory.Build.props = Directory.Build.props
	EndProjectSection
EndProject
Project("{9A19103F-16F7-4668-BE54-9A1E7A4F7556}") = "GameShop.API.Write.Contracts", "GameShop.API.Write.Contracts\GameShop.API.Write.Contracts.csproj", "{369E0B0A-887E-4EB3-A69D-9CDC7C1CFDD8}"
EndProject
Project("{9A19103F-16F7-4668-BE54-9A1E7A4F7556}") = "GameShop.API.Read.Contracts", "GameShop.API.Read.Contracts\GameShop.API.Read.Contracts.csproj", "{C94B5A61-DE4E-491A-B579-F562CA3885B6}"
EndProject
Global
	GlobalSection(SolutionConfigurationPlatforms) = preSolution
		Debug|Any CPU = Debug|Any CPU
		Release|Any CPU = Release|Any CPU
	EndGlobalSection
	GlobalSection(ProjectConfigurationPlatforms) = postSolution
		{27E6467C-404A-4790-B5B5-E0F90D21F692}.Debug|Any CPU.ActiveCfg = Debug|Any CPU
		{27E6467C-404A-4790-B5B5-E0F90D21F692}.Debug|Any CPU.Build.0 = Debug|Any CPU
		{27E6467C-404A-4790-B5B5-E0F90D21F692}.Release|Any CPU.ActiveCfg = Release|Any CPU
		{27E6467C-404A-4790-B5B5-E0F90D21F692}.Release|Any CPU.Build.0 = Release|Any CPU
		{A659C1AC-D4CE-49EF-99CE-83874A11BBD9}.Debug|Any CPU.ActiveCfg = Debug|Any CPU
		{A659C1AC-D4CE-49EF-99CE-83874A11BBD9}.Debug|Any CPU.Build.0 = Debug|Any CPU
		{A659C1AC-D4CE-49EF-99CE-83874A11BBD9}.Release|Any CPU.ActiveCfg = Release|Any CPU
		{A659C1AC-D4CE-49EF-99CE-83874A11BBD9}.Release|Any CPU.Build.0 = Release|Any CPU
		{27C262E1-3AB0-4342-8812-3B0ED5676E91}.Debug|Any CPU.ActiveCfg = Debug|Any CPU
		{27C262E1-3AB0-4342-8812-3B0ED5676E91}.Debug|Any CPU.Build.0 = Debug|Any CPU
		{27C262E1-3AB0-4342-8812-3B0ED5676E91}.Release|Any CPU.ActiveCfg = Release|Any CPU
		{27C262E1-3AB0-4342-8812-3B0ED5676E91}.Release|Any CPU.Build.0 = Release|Any CPU
		{3E3C3481-3C86-42B6-B0C1-B2336223ABF1}.Debug|Any CPU.ActiveCfg = Debug|Any CPU
		{3E3C3481-3C86-42B6-B0C1-B2336223ABF1}.Debug|Any CPU.Build.0 = Debug|Any CPU
		{3E3C3481-3C86-42B6-B0C1-B2336223ABF1}.Release|Any CPU.ActiveCfg = Release|Any CPU
		{3E3C3481-3C86-42B6-B0C1-B2336223ABF1}.Release|Any CPU.Build.0 = Release|Any CPU
		{61B2D1EA-4B50-4746-AEF2-68384E194C1D}.Debug|Any CPU.ActiveCfg = Debug|Any CPU
		{61B2D1EA-4B50-4746-AEF2-68384E194C1D}.Debug|Any CPU.Build.0 = Debug|Any CPU
		{61B2D1EA-4B50-4746-AEF2-68384E194C1D}.Release|Any CPU.ActiveCfg = Release|Any CPU
		{61B2D1EA-4B50-4746-AEF2-68384E194C1D}.Release|Any CPU.Build.0 = Release|Any CPU
		{FE2C51FD-0E59-4EBC-B07D-7199B45DD2B7}.Debug|Any CPU.ActiveCfg = Debug|Any CPU
		{FE2C51FD-0E59-4EBC-B07D-7199B45DD2B7}.Debug|Any CPU.Build.0 = Debug|Any CPU
		{FE2C51FD-0E59-4EBC-B07D-7199B45DD2B7}.Release|Any CPU.ActiveCfg = Release|Any CPU
		{FE2C51FD-0E59-4EBC-B07D-7199B45DD2B7}.Release|Any CPU.Build.0 = Release|Any CPU
		{504AA152-B29E-4037-BC39-8A36FD41FF04}.Debug|Any CPU.ActiveCfg = Debug|Any CPU
		{504AA152-B29E-4037-BC39-8A36FD41FF04}.Debug|Any CPU.Build.0 = Debug|Any CPU
		{504AA152-B29E-4037-BC39-8A36FD41FF04}.Release|Any CPU.ActiveCfg = Release|Any CPU
		{504AA152-B29E-4037-BC39-8A36FD41FF04}.Release|Any CPU.Build.0 = Release|Any CPU
		{0291C3D2-0B3E-4528-A8EE-42504EC23AEF}.Debug|Any CPU.ActiveCfg = Debug|Any CPU
		{0291C3D2-0B3E-4528-A8EE-42504EC23AEF}.Debug|Any CPU.Build.0 = Debug|Any CPU
		{0291C3D2-0B3E-4528-A8EE-42504EC23AEF}.Release|Any CPU.ActiveCfg = Release|Any CPU
		{0291C3D2-0B3E-4528-A8EE-42504EC23AEF}.Release|Any CPU.Build.0 = Release|Any CPU
		{17BAADFD-5BB5-4769-A15B-9E6CFE4045DA}.Debug|Any CPU.ActiveCfg = Debug|Any CPU
		{17BAADFD-5BB5-4769-A15B-9E6CFE4045DA}.Debug|Any CPU.Build.0 = Debug|Any CPU
		{17BAADFD-5BB5-4769-A15B-9E6CFE4045DA}.Release|Any CPU.ActiveCfg = Release|Any CPU
		{17BAADFD-5BB5-4769-A15B-9E6CFE4045DA}.Release|Any CPU.Build.0 = Release|Any CPU
		{9A0F8170-5A73-40FC-93D0-B984152C7659}.Debug|Any CPU.ActiveCfg = Debug|Any CPU
		{9A0F8170-5A73-40FC-93D0-B984152C7659}.Debug|Any CPU.Build.0 = Debug|Any CPU
		{9A0F8170-5A73-40FC-93D0-B984152C7659}.Release|Any CPU.ActiveCfg = Release|Any CPU
		{9A0F8170-5A73-40FC-93D0-B984152C7659}.Release|Any CPU.Build.0 = Release|Any CPU
		{369E0B0A-887E-4EB3-A69D-9CDC7C1CFDD8}.Debug|Any CPU.ActiveCfg = Debug|Any CPU
		{369E0B0A-887E-4EB3-A69D-9CDC7C1CFDD8}.Debug|Any CPU.Build.0 = Debug|Any CPU
		{369E0B0A-887E-4EB3-A69D-9CDC7C1CFDD8}.Release|Any CPU.ActiveCfg = Release|Any CPU
		{369E0B0A-887E-4EB3-A69D-9CDC7C1CFDD8}.Release|Any CPU.Build.0 = Release|Any CPU
		{C94B5A61-DE4E-491A-B579-F562CA3885B6}.Debug|Any CPU.ActiveCfg = Debug|Any CPU
		{C94B5A61-DE4E-491A-B579-F562CA3885B6}.Debug|Any CPU.Build.0 = Debug|Any CPU
		{C94B5A61-DE4E-491A-B579-F562CA3885B6}.Release|Any CPU.ActiveCfg = Release|Any CPU
		{C94B5A61-DE4E-491A-B579-F562CA3885B6}.Release|Any CPU.Build.0 = Release|Any CPU
	EndGlobalSection
	GlobalSection(SolutionProperties) = preSolution
		HideSolutionNode = FALSE
	EndGlobalSection
	GlobalSection(NestedProjects) = preSolution
		{27E6467C-404A-4790-B5B5-E0F90D21F692} = {56803A6F-DB04-4402-96A0-924DD0855036}
		{A659C1AC-D4CE-49EF-99CE-83874A11BBD9} = {56803A6F-DB04-4402-96A0-924DD0855036}
		{27C262E1-3AB0-4342-8812-3B0ED5676E91} = {56803A6F-DB04-4402-96A0-924DD0855036}
		{3E3C3481-3C86-42B6-B0C1-B2336223ABF1} = {56803A6F-DB04-4402-96A0-924DD0855036}
		{61B2D1EA-4B50-4746-AEF2-68384E194C1D} = {56803A6F-DB04-4402-96A0-924DD0855036}
		{FE2C51FD-0E59-4EBC-B07D-7199B45DD2B7} = {F15E2B3F-3C05-409D-9C8B-D4E72AC83839}
		{504AA152-B29E-4037-BC39-8A36FD41FF04} = {F15E2B3F-3C05-409D-9C8B-D4E72AC83839}
		{0291C3D2-0B3E-4528-A8EE-42504EC23AEF} = {F15E2B3F-3C05-409D-9C8B-D4E72AC83839}
		{17BAADFD-5BB5-4769-A15B-9E6CFE4045DA} = {F15E2B3F-3C05-409D-9C8B-D4E72AC83839}
		{9A0F8170-5A73-40FC-93D0-B984152C7659} = {F15E2B3F-3C05-409D-9C8B-D4E72AC83839}
		{369E0B0A-887E-4EB3-A69D-9CDC7C1CFDD8} = {56803A6F-DB04-4402-96A0-924DD0855036}
		{C94B5A61-DE4E-491A-B579-F562CA3885B6} = {56803A6F-DB04-4402-96A0-924DD0855036}
	EndGlobalSection
	GlobalSection(ExtensibilityGlobals) = postSolution
		SolutionGuid = {5319A54F-633D-46F7-85DF-F2EF51C69DB0}
	EndGlobalSection
EndGlobal
