
Microsoft Visual Studio Solution File, Format Version 12.00
# Visual Studio Version 17
VisualStudioVersion = 17.10.35027.167
MinimumVisualStudioVersion = 10.0.40219.1
Project("{2150E333-8FDC-42A3-9474-1A3956D46DE8}") = "src", "src", "{56803A6F-DB04-4402-96A0-924DD0855036}"
EndProject
Project("{2150E333-8FDC-42A3-9474-1A3956D46DE8}") = "test", "test", "{F15E2B3F-3C05-409D-9C8B-D4E72AC83839}"
EndProject
Project("{9A19103F-16F7-4668-BE54-9A1E7A4F7556}") = "GameShop.Domain", "GameShop.Domain\GameShop.Domain.csproj", "{27E6467C-404A-4790-B5B5-E0F90D21F692}"
EndProject
Project("{9A19103F-16F7-4668-BE54-9A1E7A4F7556}") = "GameShop.Infrastructure.Read", "GameShop.Infrastructure.Read\GameShop.Infrastructure.Read.csproj", "{A659C1AC-D4CE-49EF-99CE-83874A11BBD9}"
EndProject
Project("{9A19103F-16F7-4668-BE54-9A1E7A4F7556}") = "GameShop.API.Read", "GameShop.API.Read\GameShop.API.Read.csproj", "{27C262E1-3AB0-4342-8812-3B0ED5676E91}"
EndProject
Project("{9A19103F-16F7-4668-BE54-9A1E7A4F7556}") = "GameShop.API.Write", "GameShop.API.Write\GameShop.API.Write.csproj", "{3E3C3481-3C86-42B6-B0C1-B2336223ABF1}"
EndProject
Project("{9A19103F-16F7-4668-BE54-9A1E7A4F7556}") = "GameShop.Application.Read", "GameShop.Application.Read\GameShop.Application.Read.csproj", "{61B2D1EA-4B50-4746-AEF2-68384E194C1D}"
EndProject
Project("{9A19103F-16F7-4668-BE54-9A1E7A4F7556}") = "GameShop.Read.IntegrationTests", "GameShop.Read.IntegrationTests\GameShop.Read.IntegrationTests.csproj", "{FE2C51FD-0E59-4EBC-B07D-7199B45DD2B7}"
EndProject
Project("{9A19103F-16F7-4668-BE54-9A1E7A4F7556}") = "GameShop.Write.IntegrationTests", "GameShop.Write.IntegrationTests\GameShop.Write.IntegrationTests.csproj", "{504AA152-B29E-4037-BC39-8A36FD41FF04}"
EndProject
Project("{9A19103F-16F7-4668-BE54-9A1E7A4F7556}") = "GameShop.Infrastructure.Read.UnitTests", "GameShop.Infrastructure.Read.UnitTests\GameShop.Infrastructure.Read.UnitTests.csproj", "{0291C3D2-0B3E-4528-A8EE-42504EC23AEF}"
EndProject
Project("{9A19103F-16F7-4668-BE54-9A1E7A4F7556}") = "GameShop.Domain.UnitTests", "GameShop.Domain.UnitTests\GameShop.Domain.UnitTests.csproj", "{17BAADFD-5BB5-4769-A15B-9E6CFE4045DA}"
EndProject
Project("{9A19103F-16F7-4668-BE54-9A1E7A4F7556}") = "GameShop.Application.Read.UnitTests", "GameShop.Application.Read.UnitTests\GameShop.Application.Read.UnitTests.csproj", "{9A0F8170-5A73-40FC-93D0-B984152C7659}"
EndProject
Project("{2150E333-8FDC-42A3-9474-1A3956D46DE8}") = "Solution Items", "Solution Items", "{748B29AF-4550-4B9C-8FBA-DA4BBEFD76C5}"
	ProjectSection(SolutionItems) = preProject
		.editorconfig = .editorconfig
		Directory.Build.props = Directory.Build.props
	EndProjectSection
EndProject
Project("{9A19103F-16F7-4668-BE54-9A1E7A4F7556}") = "GameShop.API.Write.Contracts", "GameShop.API.Write.Contracts\GameShop.API.Write.Contracts.csproj", "{369E0B0A-887E-4EB3-A69D-9CDC7C1CFDD8}"
EndProject
Project("{9A19103F-16F7-4668-BE54-9A1E7A4F7556}") = "GameShop.API.Read.Contracts", "GameShop.API.Read.Contracts\GameShop.API.Read.Contracts.csproj", "{C94B5A61-DE4E-491A-B579-F562CA3885B6}"
EndProject
Project("{9A19103F-16F7-4668-BE54-9A1E7A4F7556}") = "GameShop.Application.Write", "GameShop.Application.Write\GameShop.Application.Write.csproj", "{FB0F3208-5CD2-4FEC-9833-53CA6B7D0A80}"
EndProject
Project("{9A19103F-16F7-4668-BE54-9A1E7A4F7556}") = "GameShop.Infrastructure.Write", "GameShop.Infrastructure.Write\GameShop.Infrastructure.Write.csproj", "{D93DAF34-85A0-4719-BB60-533C1A569850}"
EndProject
Project("{9A19103F-16F7-4668-BE54-9A1E7A4F7556}") = "GameShop.Infrastructure.Data", "GameShop.Infrastructure.Data\GameShop.Infrastructure.Data.csproj", "{AB452A77-6E9C-49BB-9B2F-DC45949EB111}"
EndProject
Project("{9A19103F-16F7-4668-BE54-9A1E7A4F7556}") = "GameShop.Infrastructure.Write.UnitTests", "GameShop.Infrastructure.Write.UnitTests\GameShop.Infrastructure.Write.UnitTests.csproj", "{F0EB3B3E-A580-4D16-AB5D-4BDB1122DDA8}"
EndProject
Project("{9A19103F-16F7-4668-BE54-9A1E7A4F7556}") = "GameShop.Application.Write.UnitTests", "GameShop.Application.Write.UnitTests\GameShop.Application.Write.UnitTests.csproj", "{FE4A682D-1D50-45C0-91CE-A515E3989072}"
EndProject
Project("{2150E333-8FDC-42A3-9474-1A3956D46DE8}") = "Presentation", "Presentation", "{638E9E50-41B7-42D0-8C98-E08D43BFE1F9}"
EndProject
Project("{2150E333-8FDC-42A3-9474-1A3956D46DE8}") = "Application", "Application", "{57AF16E0-258E-4BBF-9814-A1538C16E722}"
EndProject
Project("{2150E333-8FDC-42A3-9474-1A3956D46DE8}") = "Infrastructure", "Infrastructure", "{7B385057-3D36-48EA-875E-F0CB25493EB6}"
EndProject
Project("{2150E333-8FDC-42A3-9474-1A3956D46DE8}") = "Domain", "Domain", "{220049DB-7295-4675-B407-B7414318F904}"
EndProject
Project("{2150E333-8FDC-42A3-9474-1A3956D46DE8}") = "Application", "Application", "{9F543459-3B97-491A-BD1D-D6538EEDEFBC}"
EndProject
Project("{2150E333-8FDC-42A3-9474-1A3956D46DE8}") = "Domain", "Domain", "{0E3CE13E-0037-4911-B98B-E717D262F501}"
EndProject
Project("{2150E333-8FDC-42A3-9474-1A3956D46DE8}") = "Infrastructure", "Infrastructure", "{3546298A-F832-490D-8C0F-DC344E20A86D}"
EndProject
Project("{2150E333-8FDC-42A3-9474-1A3956D46DE8}") = "Presentation", "Presentation", "{ECED47A0-DD4C-4F36-B7E1-2DDE5EA53809}"
EndProject
Project("{FAE04EC0-301F-11D3-BF4B-00C04F79EFBC}") = "GameShop.API.Read.UnitTests", "GameShop.API.Read.UnitTests\GameShop.API.Read.UnitTests.csproj", "{D554E99B-D457-40C2-A8E4-778324A591BE}"
EndProject
Project("{FAE04EC0-301F-11D3-BF4B-00C04F79EFBC}") = "GameShop.API.Write.UnitTests", "GameShop.API.Write.UnitTests\GameShop.API.Write.UnitTests.csproj", "{495BBA66-6BAD-4730-8CC1-271F0114FE18}"
EndProject
Global
	GlobalSection(SolutionConfigurationPlatforms) = preSolution
		Debug|Any CPU = Debug|Any CPU
		Release|Any CPU = Release|Any CPU
	EndGlobalSection
	GlobalSection(ProjectConfigurationPlatforms) = postSolution
		{27E6467C-404A-4790-B5B5-E0F90D21F692}.Debug|Any CPU.ActiveCfg = Debug|Any CPU
		{27E6467C-404A-4790-B5B5-E0F90D21F692}.Debug|Any CPU.Build.0 = Debug|Any CPU
		{27E6467C-404A-4790-B5B5-E0F90D21F692}.Release|Any CPU.ActiveCfg = Release|Any CPU
		{27E6467C-404A-4790-B5B5-E0F90D21F692}.Release|Any CPU.Build.0 = Release|Any CPU
		{A659C1AC-D4CE-49EF-99CE-83874A11BBD9}.Debug|Any CPU.ActiveCfg = Debug|Any CPU
		{A659C1AC-D4CE-49EF-99CE-83874A11BBD9}.Debug|Any CPU.Build.0 = Debug|Any CPU
		{A659C1AC-D4CE-49EF-99CE-83874A11BBD9}.Release|Any CPU.ActiveCfg = Release|Any CPU
		{A659C1AC-D4CE-49EF-99CE-83874A11BBD9}.Release|Any CPU.Build.0 = Release|Any CPU
		{27C262E1-3AB0-4342-8812-3B0ED5676E91}.Debug|Any CPU.ActiveCfg = Debug|Any CPU
		{27C262E1-3AB0-4342-8812-3B0ED5676E91}.Debug|Any CPU.Build.0 = Debug|Any CPU
		{27C262E1-3AB0-4342-8812-3B0ED5676E91}.Release|Any CPU.ActiveCfg = Release|Any CPU
		{27C262E1-3AB0-4342-8812-3B0ED5676E91}.Release|Any CPU.Build.0 = Release|Any CPU
		{3E3C3481-3C86-42B6-B0C1-B2336223ABF1}.Debug|Any CPU.ActiveCfg = Debug|Any CPU
		{3E3C3481-3C86-42B6-B0C1-B2336223ABF1}.Debug|Any CPU.Build.0 = Debug|Any CPU
		{3E3C3481-3C86-42B6-B0C1-B2336223ABF1}.Release|Any CPU.ActiveCfg = Release|Any CPU
		{3E3C3481-3C86-42B6-B0C1-B2336223ABF1}.Release|Any CPU.Build.0 = Release|Any CPU
		{61B2D1EA-4B50-4746-AEF2-68384E194C1D}.Debug|Any CPU.ActiveCfg = Debug|Any CPU
		{61B2D1EA-4B50-4746-AEF2-68384E194C1D}.Debug|Any CPU.Build.0 = Debug|Any CPU
		{61B2D1EA-4B50-4746-AEF2-68384E194C1D}.Release|Any CPU.ActiveCfg = Release|Any CPU
		{61B2D1EA-4B50-4746-AEF2-68384E194C1D}.Release|Any CPU.Build.0 = Release|Any CPU
		{FE2C51FD-0E59-4EBC-B07D-7199B45DD2B7}.Debug|Any CPU.ActiveCfg = Debug|Any CPU
		{FE2C51FD-0E59-4EBC-B07D-7199B45DD2B7}.Debug|Any CPU.Build.0 = Debug|Any CPU
		{FE2C51FD-0E59-4EBC-B07D-7199B45DD2B7}.Release|Any CPU.ActiveCfg = Release|Any CPU
		{FE2C51FD-0E59-4EBC-B07D-7199B45DD2B7}.Release|Any CPU.Build.0 = Release|Any CPU
		{504AA152-B29E-4037-BC39-8A36FD41FF04}.Debug|Any CPU.ActiveCfg = Debug|Any CPU
		{504AA152-B29E-4037-BC39-8A36FD41FF04}.Debug|Any CPU.Build.0 = Debug|Any CPU
		{504AA152-B29E-4037-BC39-8A36FD41FF04}.Release|Any CPU.ActiveCfg = Release|Any CPU
		{504AA152-B29E-4037-BC39-8A36FD41FF04}.Release|Any CPU.Build.0 = Release|Any CPU
		{0291C3D2-0B3E-4528-A8EE-42504EC23AEF}.Debug|Any CPU.ActiveCfg = Debug|Any CPU
		{0291C3D2-0B3E-4528-A8EE-42504EC23AEF}.Debug|Any CPU.Build.0 = Debug|Any CPU
		{0291C3D2-0B3E-4528-A8EE-42504EC23AEF}.Release|Any CPU.ActiveCfg = Release|Any CPU
		{0291C3D2-0B3E-4528-A8EE-42504EC23AEF}.Release|Any CPU.Build.0 = Release|Any CPU
		{17BAADFD-5BB5-4769-A15B-9E6CFE4045DA}.Debug|Any CPU.ActiveCfg = Debug|Any CPU
		{17BAADFD-5BB5-4769-A15B-9E6CFE4045DA}.Debug|Any CPU.Build.0 = Debug|Any CPU
		{17BAADFD-5BB5-4769-A15B-9E6CFE4045DA}.Release|Any CPU.ActiveCfg = Release|Any CPU
		{17BAADFD-5BB5-4769-A15B-9E6CFE4045DA}.Release|Any CPU.Build.0 = Release|Any CPU
		{9A0F8170-5A73-40FC-93D0-B984152C7659}.Debug|Any CPU.ActiveCfg = Debug|Any CPU
		{9A0F8170-5A73-40FC-93D0-B984152C7659}.Debug|Any CPU.Build.0 = Debug|Any CPU
		{9A0F8170-5A73-40FC-93D0-B984152C7659}.Release|Any CPU.ActiveCfg = Release|Any CPU
		{9A0F8170-5A73-40FC-93D0-B984152C7659}.Release|Any CPU.Build.0 = Release|Any CPU
		{369E0B0A-887E-4EB3-A69D-9CDC7C1CFDD8}.Debug|Any CPU.ActiveCfg = Debug|Any CPU
		{369E0B0A-887E-4EB3-A69D-9CDC7C1CFDD8}.Debug|Any CPU.Build.0 = Debug|Any CPU
		{369E0B0A-887E-4EB3-A69D-9CDC7C1CFDD8}.Release|Any CPU.ActiveCfg = Release|Any CPU
		{369E0B0A-887E-4EB3-A69D-9CDC7C1CFDD8}.Release|Any CPU.Build.0 = Release|Any CPU
		{C94B5A61-DE4E-491A-B579-F562CA3885B6}.Debug|Any CPU.ActiveCfg = Debug|Any CPU
		{C94B5A61-DE4E-491A-B579-F562CA3885B6}.Debug|Any CPU.Build.0 = Debug|Any CPU
		{C94B5A61-DE4E-491A-B579-F562CA3885B6}.Release|Any CPU.ActiveCfg = Release|Any CPU
		{C94B5A61-DE4E-491A-B579-F562CA3885B6}.Release|Any CPU.Build.0 = Release|Any CPU
		{FB0F3208-5CD2-4FEC-9833-53CA6B7D0A80}.Debug|Any CPU.ActiveCfg = Debug|Any CPU
		{FB0F3208-5CD2-4FEC-9833-53CA6B7D0A80}.Debug|Any CPU.Build.0 = Debug|Any CPU
		{FB0F3208-5CD2-4FEC-9833-53CA6B7D0A80}.Release|Any CPU.ActiveCfg = Release|Any CPU
		{FB0F3208-5CD2-4FEC-9833-53CA6B7D0A80}.Release|Any CPU.Build.0 = Release|Any CPU
		{D93DAF34-85A0-4719-BB60-533C1A569850}.Debug|Any CPU.ActiveCfg = Debug|Any CPU
		{D93DAF34-85A0-4719-BB60-533C1A569850}.Debug|Any CPU.Build.0 = Debug|Any CPU
		{D93DAF34-85A0-4719-BB60-533C1A569850}.Release|Any CPU.ActiveCfg = Release|Any CPU
		{D93DAF34-85A0-4719-BB60-533C1A569850}.Release|Any CPU.Build.0 = Release|Any CPU
		{AB452A77-6E9C-49BB-9B2F-DC45949EB111}.Debug|Any CPU.ActiveCfg = Debug|Any CPU
		{AB452A77-6E9C-49BB-9B2F-DC45949EB111}.Debug|Any CPU.Build.0 = Debug|Any CPU
		{AB452A77-6E9C-49BB-9B2F-DC45949EB111}.Release|Any CPU.ActiveCfg = Release|Any CPU
		{AB452A77-6E9C-49BB-9B2F-DC45949EB111}.Release|Any CPU.Build.0 = Release|Any CPU
		{F0EB3B3E-A580-4D16-AB5D-4BDB1122DDA8}.Debug|Any CPU.ActiveCfg = Debug|Any CPU
		{F0EB3B3E-A580-4D16-AB5D-4BDB1122DDA8}.Debug|Any CPU.Build.0 = Debug|Any CPU
		{F0EB3B3E-A580-4D16-AB5D-4BDB1122DDA8}.Release|Any CPU.ActiveCfg = Release|Any CPU
		{F0EB3B3E-A580-4D16-AB5D-4BDB1122DDA8}.Release|Any CPU.Build.0 = Release|Any CPU
		{FE4A682D-1D50-45C0-91CE-A515E3989072}.Debug|Any CPU.ActiveCfg = Debug|Any CPU
		{FE4A682D-1D50-45C0-91CE-A515E3989072}.Debug|Any CPU.Build.0 = Debug|Any CPU
		{FE4A682D-1D50-45C0-91CE-A515E3989072}.Release|Any CPU.ActiveCfg = Release|Any CPU
		{FE4A682D-1D50-45C0-91CE-A515E3989072}.Release|Any CPU.Build.0 = Release|Any CPU
		{D554E99B-D457-40C2-A8E4-778324A591BE}.Debug|Any CPU.ActiveCfg = Debug|Any CPU
		{D554E99B-D457-40C2-A8E4-778324A591BE}.Debug|Any CPU.Build.0 = Debug|Any CPU
		{D554E99B-D457-40C2-A8E4-778324A591BE}.Release|Any CPU.ActiveCfg = Release|Any CPU
		{D554E99B-D457-40C2-A8E4-778324A591BE}.Release|Any CPU.Build.0 = Release|Any CPU
		{495BBA66-6BAD-4730-8CC1-271F0114FE18}.Debug|Any CPU.ActiveCfg = Debug|Any CPU
		{495BBA66-6BAD-4730-8CC1-271F0114FE18}.Debug|Any CPU.Build.0 = Debug|Any CPU
		{495BBA66-6BAD-4730-8CC1-271F0114FE18}.Release|Any CPU.ActiveCfg = Release|Any CPU
		{495BBA66-6BAD-4730-8CC1-271F0114FE18}.Release|Any CPU.Build.0 = Release|Any CPU
	EndGlobalSection
	GlobalSection(SolutionProperties) = preSolution
		HideSolutionNode = FALSE
	EndGlobalSection
	GlobalSection(NestedProjects) = preSolution
		{27E6467C-404A-4790-B5B5-E0F90D21F692} = {220049DB-7295-4675-B407-B7414318F904}
		{A659C1AC-D4CE-49EF-99CE-83874A11BBD9} = {7B385057-3D36-48EA-875E-F0CB25493EB6}
		{27C262E1-3AB0-4342-8812-3B0ED5676E91} = {638E9E50-41B7-42D0-8C98-E08D43BFE1F9}
		{3E3C3481-3C86-42B6-B0C1-B2336223ABF1} = {638E9E50-41B7-42D0-8C98-E08D43BFE1F9}
		{61B2D1EA-4B50-4746-AEF2-68384E194C1D} = {57AF16E0-258E-4BBF-9814-A1538C16E722}
		{FE2C51FD-0E59-4EBC-B07D-7199B45DD2B7} = {F15E2B3F-3C05-409D-9C8B-D4E72AC83839}
		{504AA152-B29E-4037-BC39-8A36FD41FF04} = {F15E2B3F-3C05-409D-9C8B-D4E72AC83839}
		{0291C3D2-0B3E-4528-A8EE-42504EC23AEF} = {3546298A-F832-490D-8C0F-DC344E20A86D}
		{17BAADFD-5BB5-4769-A15B-9E6CFE4045DA} = {0E3CE13E-0037-4911-B98B-E717D262F501}
		{9A0F8170-5A73-40FC-93D0-B984152C7659} = {9F543459-3B97-491A-BD1D-D6538EEDEFBC}
		{369E0B0A-887E-4EB3-A69D-9CDC7C1CFDD8} = {638E9E50-41B7-42D0-8C98-E08D43BFE1F9}
		{C94B5A61-DE4E-491A-B579-F562CA3885B6} = {638E9E50-41B7-42D0-8C98-E08D43BFE1F9}
		{FB0F3208-5CD2-4FEC-9833-53CA6B7D0A80} = {57AF16E0-258E-4BBF-9814-A1538C16E722}
		{D93DAF34-85A0-4719-BB60-533C1A569850} = {7B385057-3D36-48EA-875E-F0CB25493EB6}
		{AB452A77-6E9C-49BB-9B2F-DC45949EB111} = {7B385057-3D36-48EA-875E-F0CB25493EB6}
		{F0EB3B3E-A580-4D16-AB5D-4BDB1122DDA8} = {3546298A-F832-490D-8C0F-DC344E20A86D}
		{FE4A682D-1D50-45C0-91CE-A515E3989072} = {9F543459-3B97-491A-BD1D-D6538EEDEFBC}
		{638E9E50-41B7-42D0-8C98-E08D43BFE1F9} = {56803A6F-DB04-4402-96A0-924DD0855036}
		{57AF16E0-258E-4BBF-9814-A1538C16E722} = {56803A6F-DB04-4402-96A0-924DD0855036}
		{7B385057-3D36-48EA-875E-F0CB25493EB6} = {56803A6F-DB04-4402-96A0-924DD0855036}
		{220049DB-7295-4675-B407-B7414318F904} = {56803A6F-DB04-4402-96A0-924DD0855036}
		{9F543459-3B97-491A-BD1D-D6538EEDEFBC} = {F15E2B3F-3C05-409D-9C8B-D4E72AC83839}
		{0E3CE13E-0037-4911-B98B-E717D262F501} = {F15E2B3F-3C05-409D-9C8B-D4E72AC83839}
		{3546298A-F832-490D-8C0F-DC344E20A86D} = {F15E2B3F-3C05-409D-9C8B-D4E72AC83839}
		{ECED47A0-DD4C-4F36-B7E1-2DDE5EA53809} = {F15E2B3F-3C05-409D-9C8B-D4E72AC83839}
		{D554E99B-D457-40C2-A8E4-778324A591BE} = {ECED47A0-DD4C-4F36-B7E1-2DDE5EA53809}
		{495BBA66-6BAD-4730-8CC1-271F0114FE18} = {ECED47A0-DD4C-4F36-B7E1-2DDE5EA53809}
	EndGlobalSection
	GlobalSection(ExtensibilityGlobals) = postSolution
		SolutionGuid = {5319A54F-633D-46F7-85DF-F2EF51C69DB0}
	EndGlobalSection
EndGlobal
